
Microsoft Visual Studio Solution File, Format Version 12.00
# Visual Studio Version 17
VisualStudioVersion = 17.7.34221.43
MinimumVisualStudioVersion = 10.0.40219.1
Project("{FAE04EC0-301F-11D3-BF4B-00C04F79EFBC}") = "Shell", "Shell\Shell\Shell.csproj", "{DA576DFB-1AE7-4F0D-A49A-10ED521702BB}"
EndProject
Global
	GlobalSection(SolutionConfigurationPlatforms) = preSolution
		Debug|Any CPU = Debug|Any CPU
		Release|Any CPU = Release|Any CPU
	EndGlobalSection
	GlobalSection(ProjectConfigurationPlatforms) = postSolution
		{DA576DFB-1AE7-4F0D-A49A-10ED521702BB}.Debug|Any CPU.ActiveCfg = Debug|Any CPU
		{DA576DFB-1AE7-4F0D-A49A-10ED521702BB}.Debug|Any CPU.Build.0 = Debug|Any CPU
		{DA576DFB-1AE7-4F0D-A49A-10ED521702BB}.Release|Any CPU.ActiveCfg = Release|Any CPU
		{DA576DFB-1AE7-4F0D-A49A-10ED521702BB}.Release|Any CPU.Build.0 = Release|Any CPU
	EndGlobalSection
	GlobalSection(SolutionProperties) = preSolution
		HideSolutionNode = FALSE
	EndGlobalSection
	GlobalSection(ExtensibilityGlobals) = postSolution
		SolutionGuid = {D6C1ADE5-1BBD-438D-B723-621D034DA018}
	EndGlobalSection
EndGlobal
