
Microsoft Visual Studio Solution File, Format Version 12.00
# Visual Studio Version 17
VisualStudioVersion = 17.7.34009.444
MinimumVisualStudioVersion = 10.0.40219.1
Project("{FAE04EC0-301F-11D3-BF4B-00C04F79EFBC}") = "GetPayMessageByALi", "GetPayMessageByALi.csproj", "{5F055014-22DF-4970-B72B-01115AE22287}"
EndProject
Global
	GlobalSection(SolutionConfigurationPlatforms) = preSolution
		Debug|Any CPU = Debug|Any CPU
		Release|Any CPU = Release|Any CPU
	EndGlobalSection
	GlobalSection(ProjectConfigurationPlatforms) = postSolution
		{5F055014-22DF-4970-B72B-01115AE22287}.Debug|Any CPU.ActiveCfg = Debug|Any CPU
		{5F055014-22DF-4970-B72B-01115AE22287}.Debug|Any CPU.Build.0 = Debug|Any CPU
		{5F055014-22DF-4970-B72B-01115AE22287}.Release|Any CPU.ActiveCfg = Release|Any CPU
		{5F055014-22DF-4970-B72B-01115AE22287}.Release|Any CPU.Build.0 = Release|Any CPU
	EndGlobalSection
	GlobalSection(SolutionProperties) = preSolution
		HideSolutionNode = FALSE
	EndGlobalSection
	GlobalSection(ExtensibilityGlobals) = postSolution
		SolutionGuid = {795A23E3-8ED7-4BBC-99DA-379045BD5F8D}
	EndGlobalSection
EndGlobal
