
Microsoft Visual Studio Solution File, Format Version 12.00
# Visual Studio Version 17
VisualStudioVersion = 17.7.34221.43
MinimumVisualStudioVersion = 10.0.40219.1
Project("{FAE04EC0-301F-11D3-BF4B-00C04F79EFBC}") = "ConsoleApp1", "ConsoleApp1.csproj", "{341A56C3-35F8-466B-9A91-85B44830E2C4}"
EndProject
Global
	GlobalSection(SolutionConfigurationPlatforms) = preSolution
		Debug|Any CPU = Debug|Any CPU
		Release|Any CPU = Release|Any CPU
	EndGlobalSection
	GlobalSection(ProjectConfigurationPlatforms) = postSolution
		{341A56C3-35F8-466B-9A91-85B44830E2C4}.Debug|Any CPU.ActiveCfg = Debug|Any CPU
		{341A56C3-35F8-466B-9A91-85B44830E2C4}.Debug|Any CPU.Build.0 = Debug|Any CPU
		{341A56C3-35F8-466B-9A91-85B44830E2C4}.Release|Any CPU.ActiveCfg = Release|Any CPU
		{341A56C3-35F8-466B-9A91-85B44830E2C4}.Release|Any CPU.Build.0 = Release|Any CPU
	EndGlobalSection
	GlobalSection(SolutionProperties) = preSolution
		HideSolutionNode = FALSE
	EndGlobalSection
	GlobalSection(ExtensibilityGlobals) = postSolution
		SolutionGuid = {D67AE64E-A37B-4824-AA6D-C5A619B2E64E}
	EndGlobalSection
EndGlobal
