
Microsoft Visual Studio Solution File, Format Version 12.00
# Visual Studio Version 17
VisualStudioVersion = 17.7.34009.444
MinimumVisualStudioVersion = 10.0.40219.1
Project("{FAE04EC0-301F-11D3-BF4B-00C04F79EFBC}") = "NetworkWatchDog", "NetworkWatchDog\NetworkWatchDog.csproj", "{4BC5DCEE-AE5A-48FD-B881-E38B3680F1CE}"
EndProject
Global
	GlobalSection(SolutionConfigurationPlatforms) = preSolution
		Debug|Any CPU = Debug|Any CPU
		Release|Any CPU = Release|Any CPU
	EndGlobalSection
	GlobalSection(ProjectConfigurationPlatforms) = postSolution
		{4BC5DCEE-AE5A-48FD-B881-E38B3680F1CE}.Debug|Any CPU.ActiveCfg = Debug|Any CPU
		{4BC5DCEE-AE5A-48FD-B881-E38B3680F1CE}.Debug|Any CPU.Build.0 = Debug|Any CPU
		{4BC5DCEE-AE5A-48FD-B881-E38B3680F1CE}.Release|Any CPU.ActiveCfg = Release|Any CPU
		{4BC5DCEE-AE5A-48FD-B881-E38B3680F1CE}.Release|Any CPU.Build.0 = Release|Any CPU
	EndGlobalSection
	GlobalSection(SolutionProperties) = preSolution
		HideSolutionNode = FALSE
	EndGlobalSection
	GlobalSection(ExtensibilityGlobals) = postSolution
		SolutionGuid = {78AFED9F-EFB0-4F18-8C9C-BB2BF5F16AA0}
	EndGlobalSection
EndGlobal
